github.com/bitfocus/gondi v0.0.2 h1:Q/kscMhnp0iX+Vkz274vG1loBw2lKyq5yq4b1XjllTE=
github.com/bitfocus/gondi v0.0.2/go.mod h1:g/pdkw//j2qJD+l9Yv8xf3RtjnrwBrZQBmlYIJ8GXQs=
github.com/davecgh/go-spew v1.1.0/go.mod h1:J7Y8YcW2NihsgmVo/mv3lAwl/skON4iLHjSsI+c5H38=
github.com/davecgh/go-spew v1.1.1 h1:vj9j/u1bqnvCEfJOwUhtlOARqs3+rkHYY13jYWTU97c=
github.com/davecgh/go-spew v1.1.1/go.mod h1:J7Y8YcW2NihsgmVo/mv3lAwl/skON4iLHjSsI+c5H38=
github.com/ebitengine/purego v0.3.2 h1:+pV+tskAkn/bxEcUzGtDfw2VAe3bRQ26kdzFjPPrCww=
github.com/ebitengine/purego v0.3.2/go.mod h1:iIjxzd6CiRiOG0UyXP+V1+jWqUXVjPKLAI0mRfJZTmQ=
github.com/jsimonetti/go-artnet v0.0.0-20250320172739-7873eb33711f h1:SG47Vv4uDW61JMD2gdWXhtZBpk2uwAbnPV3OdLZnZHw=
github.com/jsimonetti/go-artnet v0.0.0-20250320172739-7873eb33711f/go.mod h1:MKEi62rcFjICpIIdsZq2yD8i0eBAp1To3RNRjZyEnis=
github.com/mellbergsimon/gondi v0.0.0-20250407231532-0097efaa44f4 h1:yPXxH2iEEWI3CYB22RehSoel+s4nuEMocEcPSaH6w+k=
github.com/mellbergsimon/gondi v0.0.0-20250407231532-0097efaa44f4/go.mod h1:3ZI4KuA5DakLAwmZkhTI8kzL+VfuIs/ybQ+jSoMMqfs=
github.com/mellbergsimon/gondi v0.0.0 h1:vM7HonsFTdjG8UuVw3HGNtKgq/fbjXbVkpm2fshJdrE=
github.com/mellbergsimon/gondi v0.0.0/go.mod h1:smdc2O2vK0WcRnE2AtIw9Lb9Omm1R6GIBAv85iAOXSE=
github.com/pmezard/go-difflib v1.0.0 h1:4DBwDE0NGyQoBHbLQYPwSUPoCMWR5BEzIk/f1lZbAQM=
github.com/pmezard/go-difflib v1.0.0/go.mod h1:iKH77koFhYxTK1pcRnkKkqfTogsbg7gZNVY4sRDYZ/4=
github.com/sirupsen/logrus v1.9.3 h1:dueUQJ1C2q9oE3F7wvmSGAaVtTmUizReu6fjN8uqzbQ=
github.com/sirupsen/logrus v1.9.3/go.mod h1:naHLuLoDiP4jHNo9R0sCBMtWGeIprob74mVsIT4qYEQ=
github.com/stretchr/objx v0.1.0/go.mod h1:HFkY916IF+rwdDfMAkV7OtwuqBVzrE8GR6GFx+wExME=
github.com/stretchr/testify v1.7.0 h1:nwc3DEeHmmLAfoZucVR881uASk0Mfjw8xYJ99tb5CcY=
github.com/stretchr/testify v1.7.0/go.mod h1:6Fq8oRcR53rry900zMqJjRRixrwX3KX962/h/Wwjteg=
golang.org/x/sys v0.0.0-20220715151400-c0bba94af5f8 h1:0A+M6Uqn+Eje4kHMK80dtF3JCXC4ykBgQG4Fe06QRhQ=
golang.org/x/sys v0.0.0-20220715151400-c0bba94af5f8/go.mod h1:oPkhp1MJrh7nUepCBck5+mAzfO9JrbApNNgaTdGDITg=
gopkg.in/check.v1 v0.0.0-20161208181325-20d25e280405/go.mod h1:Co6ibVJAznAaIkqp8huTwlJQCZ016jof/cbN4VW5Yz0=
gopkg.in/yaml.v3 v3.0.0-20200313102051-9f266ea9e77c h1:dUUwHk2QECo/6vqA44rthZ8ie2QXMNeKRTHCNY2nXvo=
gopkg.in/yaml.v3 v3.0.0-20200313102051-9f266ea9e77c/go.mod h1:K4uyk7z7BCEPqu6E+C64Yfv1cQ7kz7rIZviUmN+EgEM=
